
Microsoft Visual Studio Solution File, Format Version 12.00
# Visual Studio Version 16
VisualStudioVersion = 16.0.31729.503
MinimumVisualStudioVersion = 10.0.40219.1
Project("{FAE04EC0-301F-11D3-BF4B-00C04F79EFBC}") = "MAV.Cms.API", "MAV.Cms.API\MAV.Cms.API.csproj", "{A0EDE7CB-1DA0-4BBB-92F7-3FD6484EA81D}"
EndProject
Project("{FAE04EC0-301F-11D3-BF4B-00C04F79EFBC}") = "MAV.Cms.Domain", "MAV.Cms.Domain\MAV.Cms.Domain.csproj", "{ADA33D4A-0C2C-4827-BF0A-2E7EA5E6B92E}"
EndProject
Project("{FAE04EC0-301F-11D3-BF4B-00C04F79EFBC}") = "MAV.Cms.Common", "MAV.Cms.Common\MAV.Cms.Common.csproj", "{A368C67D-A155-4966-BCA8-854ECB283593}"
EndProject
Project("{FAE04EC0-301F-11D3-BF4B-00C04F79EFBC}") = "MAV.Cms.Infrastructure", "MAV.Cms.Infrastructure\MAV.Cms.Infrastructure.csproj", "{6A8BD880-AD26-473F-ABE8-2269E5FAB5B4}"
EndProject
Project("{FAE04EC0-301F-11D3-BF4B-00C04F79EFBC}") = "MAV.Cms.Business", "MAV.Cms.Business\MAV.Cms.Business.csproj", "{F7FB1970-2BAE-488F-9A9D-121B0B26A60E}"
EndProject
Global
	GlobalSection(SolutionConfigurationPlatforms) = preSolution
		Debug|Any CPU = Debug|Any CPU
		Release|Any CPU = Release|Any CPU
	EndGlobalSection
	GlobalSection(ProjectConfigurationPlatforms) = postSolution
		{A0EDE7CB-1DA0-4BBB-92F7-3FD6484EA81D}.Debug|Any CPU.ActiveCfg = Debug|Any CPU
		{A0EDE7CB-1DA0-4BBB-92F7-3FD6484EA81D}.Debug|Any CPU.Build.0 = Debug|Any CPU
		{A0EDE7CB-1DA0-4BBB-92F7-3FD6484EA81D}.Release|Any CPU.ActiveCfg = Release|Any CPU
		{A0EDE7CB-1DA0-4BBB-92F7-3FD6484EA81D}.Release|Any CPU.Build.0 = Release|Any CPU
		{ADA33D4A-0C2C-4827-BF0A-2E7EA5E6B92E}.Debug|Any CPU.ActiveCfg = Debug|Any CPU
		{ADA33D4A-0C2C-4827-BF0A-2E7EA5E6B92E}.Debug|Any CPU.Build.0 = Debug|Any CPU
		{ADA33D4A-0C2C-4827-BF0A-2E7EA5E6B92E}.Release|Any CPU.ActiveCfg = Release|Any CPU
		{ADA33D4A-0C2C-4827-BF0A-2E7EA5E6B92E}.Release|Any CPU.Build.0 = Release|Any CPU
		{A368C67D-A155-4966-BCA8-854ECB283593}.Debug|Any CPU.ActiveCfg = Debug|Any CPU
		{A368C67D-A155-4966-BCA8-854ECB283593}.Debug|Any CPU.Build.0 = Debug|Any CPU
		{A368C67D-A155-4966-BCA8-854ECB283593}.Release|Any CPU.ActiveCfg = Release|Any CPU
		{A368C67D-A155-4966-BCA8-854ECB283593}.Release|Any CPU.Build.0 = Release|Any CPU
		{6A8BD880-AD26-473F-ABE8-2269E5FAB5B4}.Debug|Any CPU.ActiveCfg = Debug|Any CPU
		{6A8BD880-AD26-473F-ABE8-2269E5FAB5B4}.Debug|Any CPU.Build.0 = Debug|Any CPU
		{6A8BD880-AD26-473F-ABE8-2269E5FAB5B4}.Release|Any CPU.ActiveCfg = Release|Any CPU
		{6A8BD880-AD26-473F-ABE8-2269E5FAB5B4}.Release|Any CPU.Build.0 = Release|Any CPU
		{F7FB1970-2BAE-488F-9A9D-121B0B26A60E}.Debug|Any CPU.ActiveCfg = Debug|Any CPU
		{F7FB1970-2BAE-488F-9A9D-121B0B26A60E}.Debug|Any CPU.Build.0 = Debug|Any CPU
		{F7FB1970-2BAE-488F-9A9D-121B0B26A60E}.Release|Any CPU.ActiveCfg = Release|Any CPU
		{F7FB1970-2BAE-488F-9A9D-121B0B26A60E}.Release|Any CPU.Build.0 = Release|Any CPU
	EndGlobalSection
	GlobalSection(SolutionProperties) = preSolution
		HideSolutionNode = FALSE
	EndGlobalSection
	GlobalSection(ExtensibilityGlobals) = postSolution
		SolutionGuid = {10E8F854-C24C-4B3D-890B-AC2C0EE0ECE6}
	EndGlobalSection
EndGlobal
